// !$*UTF8*$!
{
	archiveVersion = 1;
	classes = {
	};
	objectVersion = 46;
	objects = {

/* Begin PBXBuildFile section */
		57DF73281D274E6EA74E7515 /* libPods.a in Frameworks */ = {isa = PBXBuildFile; fileRef = 6B952B3596E84D168E29174D /* libPods.a */; };
		C250C45618F272EC009CCD85 /* Foundation.framework in Frameworks */ = {isa = PBXBuildFile; fileRef = C250C45518F272EC009CCD85 /* Foundation.framework */; };
		C250C45818F272EC009CCD85 /* CoreGraphics.framework in Frameworks */ = {isa = PBXBuildFile; fileRef = C250C45718F272EC009CCD85 /* CoreGraphics.framework */; };
		C250C45A18F272EC009CCD85 /* UIKit.framework in Frameworks */ = {isa = PBXBuildFile; fileRef = C250C45918F272EC009CCD85 /* UIKit.framework */; };
		C250C46018F272EC009CCD85 /* InfoPlist.strings in Resources */ = {isa = PBXBuildFile; fileRef = C250C45E18F272EC009CCD85 /* InfoPlist.strings */; };
		C250C46218F272EC009CCD85 /* main.m in Sources */ = {isa = PBXBuildFile; fileRef = C250C46118F272EC009CCD85 /* main.m */; };
		C250C46618F272EC009CCD85 /* AppDelegate.m in Sources */ = {isa = PBXBuildFile; fileRef = C250C46518F272EC009CCD85 /* AppDelegate.m */; };
		C250C46C18F272EC009CCD85 /* ViewController.m in Sources */ = {isa = PBXBuildFile; fileRef = C250C46B18F272EC009CCD85 /* ViewController.m */; };
		C250C46E18F272EC009CCD85 /* Images.xcassets in Resources */ = {isa = PBXBuildFile; fileRef = C250C46D18F272EC009CCD85 /* Images.xcassets */; };
/* End PBXBuildFile section */

/* Begin PBXFileReference section */
		6B952B3596E84D168E29174D /* libPods.a */ = {isa = PBXFileReference; explicitFileType = archive.ar; includeInIndex = 0; path = libPods.a; sourceTree = BUILT_PRODUCTS_DIR; };
		C1C870FF81EC41AE9E462A94 /* Pods.xcconfig */ = {isa = PBXFileReference; includeInIndex = 1; lastKnownFileType = text.xcconfig; name = Pods.xcconfig; path = Pods/Pods.xcconfig; sourceTree = "<group>"; };
		C250C45218F272EC009CCD85 /* LOActivityBezel Example.app */ = {isa = PBXFileReference; explicitFileType = wrapper.application; includeInIndex = 0; path = "LOActivityBezel Example.app"; sourceTree = BUILT_PRODUCTS_DIR; };
		C250C45518F272EC009CCD85 /* Foundation.framework */ = {isa = PBXFileReference; lastKnownFileType = wrapper.framework; name = Foundation.framework; path = System/Library/Frameworks/Foundation.framework; sourceTree = SDKROOT; };
		C250C45718F272EC009CCD85 /* CoreGraphics.framework */ = {isa = PBXFileReference; lastKnownFileType = wrapper.framework; name = CoreGraphics.framework; path = System/Library/Frameworks/CoreGraphics.framework; sourceTree = SDKROOT; };
		C250C45918F272EC009CCD85 /* UIKit.framework */ = {isa = PBXFileReference; lastKnownFileType = wrapper.framework; name = UIKit.framework; path = System/Library/Frameworks/UIKit.framework; sourceTree = SDKROOT; };
		C250C45D18F272EC009CCD85 /* LOActivityBezel Example-Info.plist */ = {isa = PBXFileReference; lastKnownFileType = text.plist.xml; path = "LOActivityBezel Example-Info.plist"; sourceTree = "<group>"; };
		C250C45F18F272EC009CCD85 /* en */ = {isa = PBXFileReference; lastKnownFileType = text.plist.strings; name = en; path = en.lproj/InfoPlist.strings; sourceTree = "<group>"; };
		C250C46118F272EC009CCD85 /* main.m */ = {isa = PBXFileReference; lastKnownFileType = sourcecode.c.objc; path = main.m; sourceTree = "<group>"; };
		C250C46318F272EC009CCD85 /* LOActivityBezel Example-Prefix.pch */ = {isa = PBXFileReference; lastKnownFileType = sourcecode.c.h; path = "LOActivityBezel Example-Prefix.pch"; sourceTree = "<group>"; };
		C250C46418F272EC009CCD85 /* AppDelegate.h */ = {isa = PBXFileReference; lastKnownFileType = sourcecode.c.h; path = AppDelegate.h; sourceTree = "<group>"; };
		C250C46518F272EC009CCD85 /* AppDelegate.m */ = {isa = PBXFileReference; lastKnownFileType = sourcecode.c.objc; path = AppDelegate.m; sourceTree = "<group>"; };
		C250C46A18F272EC009CCD85 /* ViewController.h */ = {isa = PBXFileReference; lastKnownFileType = sourcecode.c.h; path = ViewController.h; sourceTree = "<group>"; };
		C250C46B18F272EC009CCD85 /* ViewController.m */ = {isa = PBXFileReference; lastKnownFileType = sourcecode.c.objc; path = ViewController.m; sourceTree = "<group>"; };
		C250C46D18F272EC009CCD85 /* Images.xcassets */ = {isa = PBXFileReference; lastKnownFileType = folder.assetcatalog; path = Images.xcassets; sourceTree = "<group>"; };
		C250C47418F272EC009CCD85 /* XCTest.framework */ = {isa = PBXFileReference; lastKnownFileType = wrapper.framework; name = XCTest.framework; path = Library/Frameworks/XCTest.framework; sourceTree = DEVELOPER_DIR; };
/* End PBXFileReference section */

/* Begin PBXFrameworksBuildPhase section */
		C250C44F18F272EC009CCD85 /* Frameworks */ = {
			isa = PBXFrameworksBuildPhase;
			buildActionMask = 2147483647;
			files = (
				C250C45818F272EC009CCD85 /* CoreGraphics.framework in Frameworks */,
				C250C45A18F272EC009CCD85 /* UIKit.framework in Frameworks */,
				C250C45618F272EC009CCD85 /* Foundation.framework in Frameworks */,
				57DF73281D274E6EA74E7515 /* libPods.a in Frameworks */,
			);
			runOnlyForDeploymentPostprocessing = 0;
		};
/* End PBXFrameworksBuildPhase section */

/* Begin PBXGroup section */
		C250C44918F272EC009CCD85 = {
			isa = PBXGroup;
			children = (
				C250C45B18F272EC009CCD85 /* LOActivityBezel Example */,
				C250C45418F272EC009CCD85 /* Frameworks */,
				C250C45318F272EC009CCD85 /* Products */,
				C1C870FF81EC41AE9E462A94 /* Pods.xcconfig */,
			);
			sourceTree = "<group>";
		};
		C250C45318F272EC009CCD85 /* Products */ = {
			isa = PBXGroup;
			children = (
				C250C45218F272EC009CCD85 /* LOActivityBezel Example.app */,
			);
			name = Products;
			sourceTree = "<group>";
		};
		C250C45418F272EC009CCD85 /* Frameworks */ = {
			isa = PBXGroup;
			children = (
				C250C45518F272EC009CCD85 /* Foundation.framework */,
				C250C45718F272EC009CCD85 /* CoreGraphics.framework */,
				C250C45918F272EC009CCD85 /* UIKit.framework */,
				C250C47418F272EC009CCD85 /* XCTest.framework */,
				6B952B3596E84D168E29174D /* libPods.a */,
			);
			name = Frameworks;
			sourceTree = "<group>";
		};
		C250C45B18F272EC009CCD85 /* LOActivityBezel Example */ = {
			isa = PBXGroup;
			children = (
				C250C46418F272EC009CCD85 /* AppDelegate.h */,
				C250C46518F272EC009CCD85 /* AppDelegate.m */,
				C250C46A18F272EC009CCD85 /* ViewController.h */,
				C250C46B18F272EC009CCD85 /* ViewController.m */,
				C250C46D18F272EC009CCD85 /* Images.xcassets */,
				C250C45C18F272EC009CCD85 /* Supporting Files */,
			);
			path = "LOActivityBezel Example";
			sourceTree = "<group>";
		};
		C250C45C18F272EC009CCD85 /* Supporting Files */ = {
			isa = PBXGroup;
			children = (
				C250C45D18F272EC009CCD85 /* LOActivityBezel Example-Info.plist */,
				C250C45E18F272EC009CCD85 /* InfoPlist.strings */,
				C250C46118F272EC009CCD85 /* main.m */,
				C250C46318F272EC009CCD85 /* LOActivityBezel Example-Prefix.pch */,
			);
			name = "Supporting Files";
			sourceTree = "<group>";
		};
/* End PBXGroup section */

/* Begin PBXNativeTarget section */
		C250C45118F272EC009CCD85 /* LOActivityBezel Example */ = {
			isa = PBXNativeTarget;
			buildConfigurationList = C250C48418F272EC009CCD85 /* Build configuration list for PBXNativeTarget "LOActivityBezel Example" */;
			buildPhases = (
				D557DB790E4143878C7697F3 /* Check Pods Manifest.lock */,
				C250C44E18F272EC009CCD85 /* Sources */,
				C250C44F18F272EC009CCD85 /* Frameworks */,
				C250C45018F272EC009CCD85 /* Resources */,
				C702AFF0254F48A9A8FF84C0 /* Copy Pods Resources */,
			);
			buildRules = (
			);
			dependencies = (
			);
			name = "LOActivityBezel Example";
			productName = "LOActivityBezel Example";
			productReference = C250C45218F272EC009CCD85 /* LOActivityBezel Example.app */;
			productType = "com.apple.product-type.application";
		};
/* End PBXNativeTarget section */

/* Begin PBXProject section */
		C250C44A18F272EC009CCD85 /* Project object */ = {
			isa = PBXProject;
			attributes = {
				LastUpgradeCheck = 0510;
				ORGANIZATIONNAME = "LinkOmnia Limited";
			};
			buildConfigurationList = C250C44D18F272EC009CCD85 /* Build configuration list for PBXProject "LOActivityBezel Example" */;
			compatibilityVersion = "Xcode 3.2";
			developmentRegion = English;
			hasScannedForEncodings = 0;
			knownRegions = (
				en,
				Base,
			);
			mainGroup = C250C44918F272EC009CCD85;
			productRefGroup = C250C45318F272EC009CCD85 /* Products */;
			projectDirPath = "";
			projectRoot = "";
			targets = (
				C250C45118F272EC009CCD85 /* LOActivityBezel Example */,
			);
		};
/* End PBXProject section */

/* Begin PBXResourcesBuildPhase section */
		C250C45018F272EC009CCD85 /* Resources */ = {
			isa = PBXResourcesBuildPhase;
			buildActionMask = 2147483647;
			files = (
				C250C46E18F272EC009CCD85 /* Images.xcassets in Resources */,
				C250C46018F272EC009CCD85 /* InfoPlist.strings in Resources */,
			);
			runOnlyForDeploymentPostprocessing = 0;
		};
/* End PBXResourcesBuildPhase section */

/* Begin PBXShellScriptBuildPhase section */
		C702AFF0254F48A9A8FF84C0 /* Copy Pods Resources */ = {
			isa = PBXShellScriptBuildPhase;
			buildActionMask = 2147483647;
			files = (
			);
			inputPaths = (
			);
			name = "Copy Pods Resources";
			outputPaths = (
			);
			runOnlyForDeploymentPostprocessing = 0;
			shellPath = /bin/sh;
			shellScript = "\"${SRCROOT}/Pods/Pods-resources.sh\"\n";
			showEnvVarsInLog = 0;
		};
		D557DB790E4143878C7697F3 /* Check Pods Manifest.lock */ = {
			isa = PBXShellScriptBuildPhase;
			buildActionMask = 2147483647;
			files = (
			);
			inputPaths = (
			);
			name = "Check Pods Manifest.lock";
			outputPaths = (
			);
			runOnlyForDeploymentPostprocessing = 0;
			shellPath = /bin/sh;
			shellScript = "diff \"${PODS_ROOT}/../Podfile.lock\" \"${PODS_ROOT}/Manifest.lock\" > /dev/null\nif [[ $? != 0 ]] ; then\n    cat << EOM\nerror: The sandbox is not in sync with the Podfile.lock. Run 'pod install' or update your CocoaPods installation.\nEOM\n    exit 1\nfi\n";
			showEnvVarsInLog = 0;
		};
/* End PBXShellScriptBuildPhase section */

/* Begin PBXSourcesBuildPhase section */
		C250C44E18F272EC009CCD85 /* Sources */ = {
			isa = PBXSourcesBuildPhase;
			buildActionMask = 2147483647;
			files = (
				C250C46C18F272EC009CCD85 /* ViewController.m in Sources */,
				C250C46618F272EC009CCD85 /* AppDelegate.m in Sources */,
				C250C46218F272EC009CCD85 /* main.m in Sources */,
			);
			runOnlyForDeploymentPostprocessing = 0;
		};
/* End PBXSourcesBuildPhase section */

/* Begin PBXVariantGroup section */
		C250C45E18F272EC009CCD85 /* InfoPlist.strings */ = {
			isa = PBXVariantGroup;
			children = (
				C250C45F18F272EC009CCD85 /* en */,
			);
			name = InfoPlist.strings;
			sourceTree = "<group>";
		};
/* End PBXVariantGroup section */

/* Begin XCBuildConfiguration section */
		C250C48218F272EC009CCD85 /* Debug */ = {
			isa = XCBuildConfiguration;
			buildSettings = {
				ALWAYS_SEARCH_USER_PATHS = NO;
				CLANG_CXX_LANGUAGE_STANDARD = "gnu++0x";
				CLANG_CXX_LIBRARY = "libc++";
				CLANG_ENABLE_MODULES = YES;
				CLANG_ENABLE_OBJC_ARC = YES;
				CLANG_WARN_BOOL_CONVERSION = YES;
				CLANG_WARN_CONSTANT_CONVERSION = YES;
				CLANG_WARN_DIRECT_OBJC_ISA_USAGE = YES_ERROR;
				CLANG_WARN_EMPTY_BODY = YES;
				CLANG_WARN_ENUM_CONVERSION = YES;
				CLANG_WARN_INT_CONVERSION = YES;
				CLANG_WARN_OBJC_ROOT_CLASS = YES_ERROR;
				CLANG_WARN__DUPLICATE_METHOD_MATCH = YES;
				"CODE_SIGN_IDENTITY[sdk=iphoneos*]" = "iPhone Developer";
				COPY_PHASE_STRIP = NO;
				GCC_C_LANGUAGE_STANDARD = gnu99;
				GCC_DYNAMIC_NO_PIC = NO;
				GCC_OPTIMIZATION_LEVEL = 0;
				GCC_PREPROCESSOR_DEFINITIONS = (
					"DEBUG=1",
					"$(inherited)",
				);
				GCC_SYMBOLS_PRIVATE_EXTERN = NO;
				GCC_WARN_64_TO_32_BIT_CONVERSION = YES;
				GCC_WARN_ABOUT_RETURN_TYPE = YES_ERROR;
				GCC_WARN_UNDECLARED_SELECTOR = YES;
				GCC_WARN_UNINITIALIZED_AUTOS = YES_AGGRESSIVE;
				GCC_WARN_UNUSED_FUNCTION = YES;
				GCC_WARN_UNUSED_VARIABLE = YES;
				IPHONEOS_DEPLOYMENT_TARGET = 7.1;
				ONLY_ACTIVE_ARCH = YES;
				SDKROOT = iphoneos;
			};
			name = Debug;
		};
		C250C48318F272EC009CCD85 /* Release */ = {
			isa = XCBuildConfiguration;
			buildSettings = {
				ALWAYS_SEARCH_USER_PATHS = NO;
				CLANG_CXX_LANGUAGE_STANDARD = "gnu++0x";
				CLANG_CXX_LIBRARY = "libc++";
				CLANG_ENABLE_MODULES = YES;
				CLANG_ENABLE_OBJC_ARC = YES;
				CLANG_WARN_BOOL_CONVERSION = YES;
				CLANG_WARN_CONSTANT_CONVERSION = YES;
				CLANG_WARN_DIRECT_OBJC_ISA_USAGE = YES_ERROR;
				CLANG_WARN_EMPTY_BODY = YES;
				CLANG_WARN_ENUM_CONVERSION = YES;
				CLANG_WARN_INT_CONVERSION = YES;
				CLANG_WARN_OBJC_ROOT_CLASS = YES_ERROR;
				CLANG_WARN__DUPLICATE_METHOD_MATCH = YES;
				"CODE_SIGN_IDENTITY[sdk=iphoneos*]" = "iPhone Developer";
				COPY_PHASE_STRIP = YES;
				ENABLE_NS_ASSERTIONS = NO;
				GCC_C_LANGUAGE_STANDARD = gnu99;
				GCC_WARN_64_TO_32_BIT_CONVERSION = YES;
				GCC_WARN_ABOUT_RETURN_TYPE = YES_ERROR;
				GCC_WARN_UNDECLARED_SELECTOR = YES;
				GCC_WARN_UNINITIALIZED_AUTOS = YES_AGGRESSIVE;
				GCC_WARN_UNUSED_FUNCTION = YES;
				GCC_WARN_UNUSED_VARIABLE = YES;
				IPHONEOS_DEPLOYMENT_TARGET = 7.1;
				SDKROOT = iphoneos;
				VALIDATE_PRODUCT = YES;
			};
			name = Release;
		};
		C250C48518F272EC009CCD85 /* Debug */ = {
			isa = XCBuildConfiguration;
			baseConfigurationReference = C1C870FF81EC41AE9E462A94 /* Pods.xcconfig */;
			buildSettings = {
				ASSETCATALOG_COMPILER_APPICON_NAME = AppIcon;
				ASSETCATALOG_COMPILER_LAUNCHIMAGE_NAME = LaunchImage;
				GCC_PRECOMPILE_PREFIX_HEADER = YES;
				GCC_PREFIX_HEADER = "LOActivityBezel Example/LOActivityBezel Example-Prefix.pch";
				INFOPLIST_FILE = "LOActivityBezel Example/LOActivityBezel Example-Info.plist";
				PRODUCT_NAME = "$(TARGET_NAME)";
				WRAPPER_EXTENSION = app;
			};
			name = Debug;
		};
		C250C48618F272EC009CCD85 /* Release */ = {
			isa = XCBuildConfiguration;
			baseConfigurationReference = C1C870FF81EC41AE9E462A94 /* Pods.xcconfig */;
			buildSettings = {
				ASSETCATALOG_COMPILER_APPICON_NAME = AppIcon;
				ASSETCATALOG_COMPILER_LAUNCHIMAGE_NAME = LaunchImage;
				GCC_PRECOMPILE_PREFIX_HEADER = YES;
				GCC_PREFIX_HEADER = "LOActivityBezel Example/LOActivityBezel Example-Prefix.pch";
				INFOPLIST_FILE = "LOActivityBezel Example/LOActivityBezel Example-Info.plist";
				PRODUCT_NAME = "$(TARGET_NAME)";
				WRAPPER_EXTENSION = app;
			};
			name = Release;
		};
/* End XCBuildConfiguration section */

/* Begin XCConfigurationList section */
		C250C44D18F272EC009CCD85 /* Build configuration list for PBXProject "LOActivityBezel Example" */ = {
			isa = XCConfigurationList;
			buildConfigurations = (
				C250C48218F272EC009CCD85 /* Debug */,
				C250C48318F272EC009CCD85 /* Release */,
			);
			defaultConfigurationIsVisible = 0;
			defaultConfigurationName = Release;
		};
		C250C48418F272EC009CCD85 /* Build configuration list for PBXNativeTarget "LOActivityBezel Example" */ = {
			isa = XCConfigurationList;
			buildConfigurations = (
				C250C48518F272EC009CCD85 /* Debug */,
				C250C48618F272EC009CCD85 /* Release */,
			);
			defaultConfigurationIsVisible = 0;
			defaultConfigurationName = Release;
		};
/* End XCConfigurationList section */
	};
	rootObject = C250C44A18F272EC009CCD85 /* Project object */;
}
